{
  "originHash" : "8402c041b0f67774962fca5cd10d0748c8bfc3f79006eec92490c686c1a5359e",
  "pins" : [
    {
      "identity" : "htmlkit",
      "kind" : "remoteSourceControl",
      "location" : "https://github.com/iabudiab/HTMLKit",
      "state" : {
        "revision" : "118cb4197164cc6987f41fae7e1eb21eb96b5f20",
        "version" : "4.2.0"
      }
    },
    {
      "identity" : "ziparchive",
      "kind" : "remoteSourceControl",
      "location" : "https://github.com/ZipArchive/ZipArchive.git",
      "state" : {
        "revision" : "df35718ea19a94e015b91dc4881dee028ce4cdba",
        "version" : "2.6.0"
      }
    }
  ],
  "version" : 3
}
